
Microsoft Visual Studio Solution File, Format Version 12.00
# Visual Studio Version 17
VisualStudioVersion = 17.5.002.0
MinimumVisualStudioVersion = 10.0.40219.1
Project("{9A19103F-16F7-4668-BE54-9A1E7A4F7556}") = "FunctionExample", "FunctionExample.csproj", "{699583B7-6383-4A75-875A-16EE9249A53E}"
EndProject
Global
	GlobalSection(SolutionConfigurationPlatforms) = preSolution
		Debug|Any CPU = Debug|Any CPU
		Release|Any CPU = Release|Any CPU
	EndGlobalSection
	GlobalSection(ProjectConfigurationPlatforms) = postSolution
		{699583B7-6383-4A75-875A-16EE9249A53E}.Debug|Any CPU.ActiveCfg = Debug|Any CPU
		{699583B7-6383-4A75-875A-16EE9249A53E}.Debug|Any CPU.Build.0 = Debug|Any CPU
		{699583B7-6383-4A75-875A-16EE9249A53E}.Release|Any CPU.ActiveCfg = Release|Any CPU
		{699583B7-6383-4A75-875A-16EE9249A53E}.Release|Any CPU.Build.0 = Release|Any CPU
	EndGlobalSection
	GlobalSection(SolutionProperties) = preSolution
		HideSolutionNode = FALSE
	EndGlobalSection
	GlobalSection(ExtensibilityGlobals) = postSolution
		SolutionGuid = {ACA4C2E3-734A-4E03-8511-77E027A02DA2}
	EndGlobalSection
EndGlobal
